
Microsoft Visual Studio Solution File, Format Version 12.00
# Visual Studio Version 17
VisualStudioVersion = 17.8.34601.278
MinimumVisualStudioVersion = 10.0.40219.1
Project("{E24C65DC-7377-472B-9ABA-BC803B73C61A}") = "Blaser_Teklif", ".", "{557D8CC0-E681-478F-9D26-DBABAFBD1425}"
	ProjectSection(WebsiteProperties) = preProject
		TargetFrameworkMoniker = ".NETFramework,Version%3Dv4.0"
		Debug.AspNetCompiler.VirtualPath = "/Blaser_Teklif"
		Debug.AspNetCompiler.PhysicalPath = "..\Blaser_Teklif\"
		Debug.AspNetCompiler.TargetPath = "PrecompiledWeb\Blaser_Teklif\"
		Debug.AspNetCompiler.Updateable = "true"
		Debug.AspNetCompiler.ForceOverwrite = "true"
		Debug.AspNetCompiler.FixedNames = "false"
		Debug.AspNetCompiler.Debug = "True"
		Release.AspNetCompiler.VirtualPath = "/Blaser_Teklif"
		Release.AspNetCompiler.PhysicalPath = "..\Blaser_Teklif\"
		Release.AspNetCompiler.TargetPath = "PrecompiledWeb\Blaser_Teklif\"
		Release.AspNetCompiler.Updateable = "true"
		Release.AspNetCompiler.ForceOverwrite = "true"
		Release.AspNetCompiler.FixedNames = "false"
		Release.AspNetCompiler.Debug = "False"
		VWDPort = "2041"
		SlnRelativePath = "..\Blaser_Teklif\"
	EndProjectSection
EndProject
Global
	GlobalSection(SolutionConfigurationPlatforms) = preSolution
		Debug|Any CPU = Debug|Any CPU
	EndGlobalSection
	GlobalSection(ProjectConfigurationPlatforms) = postSolution
		{557D8CC0-E681-478F-9D26-DBABAFBD1425}.Debug|Any CPU.ActiveCfg = Debug|Any CPU
		{557D8CC0-E681-478F-9D26-DBABAFBD1425}.Debug|Any CPU.Build.0 = Debug|Any CPU
	EndGlobalSection
	GlobalSection(SolutionProperties) = preSolution
		HideSolutionNode = FALSE
	EndGlobalSection
	GlobalSection(ExtensibilityGlobals) = postSolution
		SolutionGuid = {EC2797C4-6914-41C9-9658-35DADDAA76EB}
	EndGlobalSection
EndGlobal
